
Microsoft Visual Studio Solution File, Format Version 12.00
# Visual Studio Version 17
VisualStudioVersion = 17.4.33213.308
MinimumVisualStudioVersion = 10.0.40219.1
Project("{FAE04EC0-301F-11D3-BF4B-00C04F79EFBC}") = "SupermarketWEB", "SupermarketWEB.csproj", "{0D8D89FF-9781-45AD-9EA6-B88E1D98C4BC}"
EndProject
Global
	GlobalSection(SolutionConfigurationPlatforms) = preSolution
		Debug|Any CPU = Debug|Any CPU
		Release|Any CPU = Release|Any CPU
	EndGlobalSection
	GlobalSection(ProjectConfigurationPlatforms) = postSolution
		{0D8D89FF-9781-45AD-9EA6-B88E1D98C4BC}.Debug|Any CPU.ActiveCfg = Debug|Any CPU
		{0D8D89FF-9781-45AD-9EA6-B88E1D98C4BC}.Debug|Any CPU.Build.0 = Debug|Any CPU
		{0D8D89FF-9781-45AD-9EA6-B88E1D98C4BC}.Release|Any CPU.ActiveCfg = Release|Any CPU
		{0D8D89FF-9781-45AD-9EA6-B88E1D98C4BC}.Release|Any CPU.Build.0 = Release|Any CPU
	EndGlobalSection
	GlobalSection(SolutionProperties) = preSolution
		HideSolutionNode = FALSE
	EndGlobalSection
	GlobalSection(ExtensibilityGlobals) = postSolution
		SolutionGuid = {64A029B6-73EC-4A2E-914E-A2F5F2A1C321}
	EndGlobalSection
EndGlobal
